// !$*UTF8*$!
{
	archiveVersion = 1;
	classes = {
	};
	objectVersion = 46;
	objects = {

/* Begin PBXBuildFile section */
		DBC2E0A81B38504900001B32 /* AppDelegate.swift in Sources */ = {isa = PBXBuildFile; fileRef = DBC2E0A71B38504900001B32 /* AppDelegate.swift */; };
		DBC2E0AA1B38504900001B32 /* ViewController.swift in Sources */ = {isa = PBXBuildFile; fileRef = DBC2E0A91B38504900001B32 /* ViewController.swift */; };
		DBC2E0AD1B38504900001B32 /* Main.storyboard in Resources */ = {isa = PBXBuildFile; fileRef = DBC2E0AB1B38504900001B32 /* Main.storyboard */; };
		DBC2E0AF1B38504900001B32 /* Images.xcassets in Resources */ = {isa = PBXBuildFile; fileRef = DBC2E0AE1B38504900001B32 /* Images.xcassets */; };
		DBC2E0B21B38504900001B32 /* LaunchScreen.xib in Resources */ = {isa = PBXBuildFile; fileRef = DBC2E0B01B38504900001B32 /* LaunchScreen.xib */; };
		DBC2E0BE1B38504900001B32 /* Memorable_PlacesTests.swift in Sources */ = {isa = PBXBuildFile; fileRef = DBC2E0BD1B38504900001B32 /* Memorable_PlacesTests.swift */; };
		DBC2E0C81B38536800001B32 /* CoreLocation.framework in Frameworks */ = {isa = PBXBuildFile; fileRef = DBC2E0C71B38536800001B32 /* CoreLocation.framework */; };
		DBC2E0CA1B3853F800001B32 /* TableViewController.swift in Sources */ = {isa = PBXBuildFile; fileRef = DBC2E0C91B3853F800001B32 /* TableViewController.swift */; };
/* End PBXBuildFile section */

/* Begin PBXContainerItemProxy section */
		DBC2E0B81B38504900001B32 /* PBXContainerItemProxy */ = {
			isa = PBXContainerItemProxy;
			containerPortal = DBC2E09A1B38504900001B32 /* Project object */;
			proxyType = 1;
			remoteGlobalIDString = DBC2E0A11B38504900001B32;
			remoteInfo = "Memorable Places";
		};
/* End PBXContainerItemProxy section */

/* Begin PBXFileReference section */
		DBC2E0A21B38504900001B32 /* Memorable Places.app */ = {isa = PBXFileReference; explicitFileType = wrapper.application; includeInIndex = 0; path = "Memorable Places.app"; sourceTree = BUILT_PRODUCTS_DIR; };
		DBC2E0A61B38504900001B32 /* Info.plist */ = {isa = PBXFileReference; lastKnownFileType = text.plist.xml; path = Info.plist; sourceTree = "<group>"; };
		DBC2E0A71B38504900001B32 /* AppDelegate.swift */ = {isa = PBXFileReference; lastKnownFileType = sourcecode.swift; path = AppDelegate.swift; sourceTree = "<group>"; };
		DBC2E0A91B38504900001B32 /* ViewController.swift */ = {isa = PBXFileReference; lastKnownFileType = sourcecode.swift; path = ViewController.swift; sourceTree = "<group>"; };
		DBC2E0AC1B38504900001B32 /* Base */ = {isa = PBXFileReference; lastKnownFileType = file.storyboard; name = Base; path = Base.lproj/Main.storyboard; sourceTree = "<group>"; };
		DBC2E0AE1B38504900001B32 /* Images.xcassets */ = {isa = PBXFileReference; lastKnownFileType = folder.assetcatalog; path = Images.xcassets; sourceTree = "<group>"; };
		DBC2E0B11B38504900001B32 /* Base */ = {isa = PBXFileReference; lastKnownFileType = file.xib; name = Base; path = Base.lproj/LaunchScreen.xib; sourceTree = "<group>"; };
		DBC2E0B71B38504900001B32 /* Memorable PlacesTests.xctest */ = {isa = PBXFileReference; explicitFileType = wrapper.cfbundle; includeInIndex = 0; path = "Memorable PlacesTests.xctest"; sourceTree = BUILT_PRODUCTS_DIR; };
		DBC2E0BC1B38504900001B32 /* Info.plist */ = {isa = PBXFileReference; lastKnownFileType = text.plist.xml; path = Info.plist; sourceTree = "<group>"; };
		DBC2E0BD1B38504900001B32 /* Memorable_PlacesTests.swift */ = {isa = PBXFileReference; lastKnownFileType = sourcecode.swift; path = Memorable_PlacesTests.swift; sourceTree = "<group>"; };
		DBC2E0C71B38536800001B32 /* CoreLocation.framework */ = {isa = PBXFileReference; lastKnownFileType = wrapper.framework; name = CoreLocation.framework; path = System/Library/Frameworks/CoreLocation.framework; sourceTree = SDKROOT; };
		DBC2E0C91B3853F800001B32 /* TableViewController.swift */ = {isa = PBXFileReference; fileEncoding = 4; lastKnownFileType = sourcecode.swift; path = TableViewController.swift; sourceTree = "<group>"; };
/* End PBXFileReference section */

/* Begin PBXFrameworksBuildPhase section */
		DBC2E09F1B38504900001B32 /* Frameworks */ = {
			isa = PBXFrameworksBuildPhase;
			buildActionMask = 2147483647;
			files = (
				DBC2E0C81B38536800001B32 /* CoreLocation.framework in Frameworks */,
			);
			runOnlyForDeploymentPostprocessing = 0;
		};
		DBC2E0B41B38504900001B32 /* Frameworks */ = {
			isa = PBXFrameworksBuildPhase;
			buildActionMask = 2147483647;
			files = (
			);
			runOnlyForDeploymentPostprocessing = 0;
		};
/* End PBXFrameworksBuildPhase section */

/* Begin PBXGroup section */
		DBC2E0991B38504900001B32 = {
			isa = PBXGroup;
			children = (
				DBC2E0C71B38536800001B32 /* CoreLocation.framework */,
				DBC2E0A41B38504900001B32 /* Memorable Places */,
				DBC2E0BA1B38504900001B32 /* Memorable PlacesTests */,
				DBC2E0A31B38504900001B32 /* Products */,
			);
			sourceTree = "<group>";
		};
		DBC2E0A31B38504900001B32 /* Products */ = {
			isa = PBXGroup;
			children = (
				DBC2E0A21B38504900001B32 /* Memorable Places.app */,
				DBC2E0B71B38504900001B32 /* Memorable PlacesTests.xctest */,
			);
			name = Products;
			sourceTree = "<group>";
		};
		DBC2E0A41B38504900001B32 /* Memorable Places */ = {
			isa = PBXGroup;
			children = (
				DBC2E0A71B38504900001B32 /* AppDelegate.swift */,
				DBC2E0A91B38504900001B32 /* ViewController.swift */,
				DBC2E0AB1B38504900001B32 /* Main.storyboard */,
				DBC2E0C91B3853F800001B32 /* TableViewController.swift */,
				DBC2E0AE1B38504900001B32 /* Images.xcassets */,
				DBC2E0B01B38504900001B32 /* LaunchScreen.xib */,
				DBC2E0A51B38504900001B32 /* Supporting Files */,
			);
			path = "Memorable Places";
			sourceTree = "<group>";
		};
		DBC2E0A51B38504900001B32 /* Supporting Files */ = {
			isa = PBXGroup;
			children = (
				DBC2E0A61B38504900001B32 /* Info.plist */,
			);
			name = "Supporting Files";
			sourceTree = "<group>";
		};
		DBC2E0BA1B38504900001B32 /* Memorable PlacesTests */ = {
			isa = PBXGroup;
			children = (
				DBC2E0BD1B38504900001B32 /* Memorable_PlacesTests.swift */,
				DBC2E0BB1B38504900001B32 /* Supporting Files */,
			);
			path = "Memorable PlacesTests";
			sourceTree = "<group>";
		};
		DBC2E0BB1B38504900001B32 /* Supporting Files */ = {
			isa = PBXGroup;
			children = (
				DBC2E0BC1B38504900001B32 /* Info.plist */,
			);
			name = "Supporting Files";
			sourceTree = "<group>";
		};
/* End PBXGroup section */

/* Begin PBXNativeTarget section */
		DBC2E0A11B38504900001B32 /* Memorable Places */ = {
			isa = PBXNativeTarget;
			buildConfigurationList = DBC2E0C11B38504900001B32 /* Build configuration list for PBXNativeTarget "Memorable Places" */;
			buildPhases = (
				DBC2E09E1B38504900001B32 /* Sources */,
				DBC2E09F1B38504900001B32 /* Frameworks */,
				DBC2E0A01B38504900001B32 /* Resources */,
			);
			buildRules = (
			);
			dependencies = (
			);
			name = "Memorable Places";
			productName = "Memorable Places";
			productReference = DBC2E0A21B38504900001B32 /* Memorable Places.app */;
			productType = "com.apple.product-type.application";
		};
		DBC2E0B61B38504900001B32 /* Memorable PlacesTests */ = {
			isa = PBXNativeTarget;
			buildConfigurationList = DBC2E0C41B38504900001B32 /* Build configuration list for PBXNativeTarget "Memorable PlacesTests" */;
			buildPhases = (
				DBC2E0B31B38504900001B32 /* Sources */,
				DBC2E0B41B38504900001B32 /* Frameworks */,
				DBC2E0B51B38504900001B32 /* Resources */,
			);
			buildRules = (
			);
			dependencies = (
				DBC2E0B91B38504900001B32 /* PBXTargetDependency */,
			);
			name = "Memorable PlacesTests";
			productName = "Memorable PlacesTests";
			productReference = DBC2E0B71B38504900001B32 /* Memorable PlacesTests.xctest */;
			productType = "com.apple.product-type.bundle.unit-test";
		};
/* End PBXNativeTarget section */

/* Begin PBXProject section */
		DBC2E09A1B38504900001B32 /* Project object */ = {
			isa = PBXProject;
			attributes = {
				LastUpgradeCheck = 0630;
				ORGANIZATIONNAME = "Flavius Condurache";
				TargetAttributes = {
					DBC2E0A11B38504900001B32 = {
						CreatedOnToolsVersion = 6.3.2;
					};
					DBC2E0B61B38504900001B32 = {
						CreatedOnToolsVersion = 6.3.2;
						TestTargetID = DBC2E0A11B38504900001B32;
					};
				};
			};
			buildConfigurationList = DBC2E09D1B38504900001B32 /* Build configuration list for PBXProject "Memorable Places" */;
			compatibilityVersion = "Xcode 3.2";
			developmentRegion = English;
			hasScannedForEncodings = 0;
			knownRegions = (
				en,
				Base,
			);
			mainGroup = DBC2E0991B38504900001B32;
			productRefGroup = DBC2E0A31B38504900001B32 /* Products */;
			projectDirPath = "";
			projectRoot = "";
			targets = (
				DBC2E0A11B38504900001B32 /* Memorable Places */,
				DBC2E0B61B38504900001B32 /* Memorable PlacesTests */,
			);
		};
/* End PBXProject section */

/* Begin PBXResourcesBuildPhase section */
		DBC2E0A01B38504900001B32 /* Resources */ = {
			isa = PBXResourcesBuildPhase;
			buildActionMask = 2147483647;
			files = (
				DBC2E0AD1B38504900001B32 /* Main.storyboard in Resources */,
				DBC2E0B21B38504900001B32 /* LaunchScreen.xib in Resources */,
				DBC2E0AF1B38504900001B32 /* Images.xcassets in Resources */,
			);
			runOnlyForDeploymentPostprocessing = 0;
		};
		DBC2E0B51B38504900001B32 /* Resources */ = {
			isa = PBXResourcesBuildPhase;
			buildActionMask = 2147483647;
			files = (
			);
			runOnlyForDeploymentPostprocessing = 0;
		};
/* End PBXResourcesBuildPhase section */

/* Begin PBXSourcesBuildPhase section */
		DBC2E09E1B38504900001B32 /* Sources */ = {
			isa = PBXSourcesBuildPhase;
			buildActionMask = 2147483647;
			files = (
				DBC2E0AA1B38504900001B32 /* ViewController.swift in Sources */,
				DBC2E0CA1B3853F800001B32 /* TableViewController.swift in Sources */,
				DBC2E0A81B38504900001B32 /* AppDelegate.swift in Sources */,
			);
			runOnlyForDeploymentPostprocessing = 0;
		};
		DBC2E0B31B38504900001B32 /* Sources */ = {
			isa = PBXSourcesBuildPhase;
			buildActionMask = 2147483647;
			files = (
				DBC2E0BE1B38504900001B32 /* Memorable_PlacesTests.swift in Sources */,
			);
			runOnlyForDeploymentPostprocessing = 0;
		};
/* End PBXSourcesBuildPhase section */

/* Begin PBXTargetDependency section */
		DBC2E0B91B38504900001B32 /* PBXTargetDependency */ = {
			isa = PBXTargetDependency;
			target = DBC2E0A11B38504900001B32 /* Memorable Places */;
			targetProxy = DBC2E0B81B38504900001B32 /* PBXContainerItemProxy */;
		};
/* End PBXTargetDependency section */

/* Begin PBXVariantGroup section */
		DBC2E0AB1B38504900001B32 /* Main.storyboard */ = {
			isa = PBXVariantGroup;
			children = (
				DBC2E0AC1B38504900001B32 /* Base */,
			);
			name = Main.storyboard;
			sourceTree = "<group>";
		};
		DBC2E0B01B38504900001B32 /* LaunchScreen.xib */ = {
			isa = PBXVariantGroup;
			children = (
				DBC2E0B11B38504900001B32 /* Base */,
			);
			name = LaunchScreen.xib;
			sourceTree = "<group>";
		};
/* End PBXVariantGroup section */

/* Begin XCBuildConfiguration section */
		DBC2E0BF1B38504900001B32 /* Debug */ = {
			isa = XCBuildConfiguration;
			buildSettings = {
				ALWAYS_SEARCH_USER_PATHS = NO;
				CLANG_CXX_LANGUAGE_STANDARD = "gnu++0x";
				CLANG_CXX_LIBRARY = "libc++";
				CLANG_ENABLE_MODULES = YES;
				CLANG_ENABLE_OBJC_ARC = YES;
				CLANG_WARN_BOOL_CONVERSION = YES;
				CLANG_WARN_CONSTANT_CONVERSION = YES;
				CLANG_WARN_DIRECT_OBJC_ISA_USAGE = YES_ERROR;
				CLANG_WARN_EMPTY_BODY = YES;
				CLANG_WARN_ENUM_CONVERSION = YES;
				CLANG_WARN_INT_CONVERSION = YES;
				CLANG_WARN_OBJC_ROOT_CLASS = YES_ERROR;
				CLANG_WARN_UNREACHABLE_CODE = YES;
				CLANG_WARN__DUPLICATE_METHOD_MATCH = YES;
				"CODE_SIGN_IDENTITY[sdk=iphoneos*]" = "iPhone Developer";
				COPY_PHASE_STRIP = NO;
				DEBUG_INFORMATION_FORMAT = "dwarf-with-dsym";
				ENABLE_STRICT_OBJC_MSGSEND = YES;
				GCC_C_LANGUAGE_STANDARD = gnu99;
				GCC_DYNAMIC_NO_PIC = NO;
				GCC_NO_COMMON_BLOCKS = YES;
				GCC_OPTIMIZATION_LEVEL = 0;
				GCC_PREPROCESSOR_DEFINITIONS = (
					"DEBUG=1",
					"$(inherited)",
				);
				GCC_SYMBOLS_PRIVATE_EXTERN = NO;
				GCC_WARN_64_TO_32_BIT_CONVERSION = YES;
				GCC_WARN_ABOUT_RETURN_TYPE = YES_ERROR;
				GCC_WARN_UNDECLARED_SELECTOR = YES;
				GCC_WARN_UNINITIALIZED_AUTOS = YES_AGGRESSIVE;
				GCC_WARN_UNUSED_FUNCTION = YES;
				GCC_WARN_UNUSED_VARIABLE = YES;
				IPHONEOS_DEPLOYMENT_TARGET = 8.3;
				MTL_ENABLE_DEBUG_INFO = YES;
				ONLY_ACTIVE_ARCH = YES;
				SDKROOT = iphoneos;
				SWIFT_OPTIMIZATION_LEVEL = "-Onone";
			};
			name = Debug;
		};
		DBC2E0C01B38504900001B32 /* Release */ = {
			isa = XCBuildConfiguration;
			buildSettings = {
				ALWAYS_SEARCH_USER_PATHS = NO;
				CLANG_CXX_LANGUAGE_STANDARD = "gnu++0x";
				CLANG_CXX_LIBRARY = "libc++";
				CLANG_ENABLE_MODULES = YES;
				CLANG_ENABLE_OBJC_ARC = YES;
				CLANG_WARN_BOOL_CONVERSION = YES;
				CLANG_WARN_CONSTANT_CONVERSION = YES;
				CLANG_WARN_DIRECT_OBJC_ISA_USAGE = YES_ERROR;
				CLANG_WARN_EMPTY_BODY = YES;
				CLANG_WARN_ENUM_CONVERSION = YES;
				CLANG_WARN_INT_CONVERSION = YES;
				CLANG_WARN_OBJC_ROOT_CLASS = YES_ERROR;
				CLANG_WARN_UNREACHABLE_CODE = YES;
				CLANG_WARN__DUPLICATE_METHOD_MATCH = YES;
				"CODE_SIGN_IDENTITY[sdk=iphoneos*]" = "iPhone Developer";
				COPY_PHASE_STRIP = NO;
				DEBUG_INFORMATION_FORMAT = "dwarf-with-dsym";
				ENABLE_NS_ASSERTIONS = NO;
				ENABLE_STRICT_OBJC_MSGSEND = YES;
				GCC_C_LANGUAGE_STANDARD = gnu99;
				GCC_NO_COMMON_BLOCKS = YES;
				GCC_WARN_64_TO_32_BIT_CONVERSION = YES;
				GCC_WARN_ABOUT_RETURN_TYPE = YES_ERROR;
				GCC_WARN_UNDECLARED_SELECTOR = YES;
				GCC_WARN_UNINITIALIZED_AUTOS = YES_AGGRESSIVE;
				GCC_WARN_UNUSED_FUNCTION = YES;
				GCC_WARN_UNUSED_VARIABLE = YES;
				IPHONEOS_DEPLOYMENT_TARGET = 8.3;
				MTL_ENABLE_DEBUG_INFO = NO;
				SDKROOT = iphoneos;
				VALIDATE_PRODUCT = YES;
			};
			name = Release;
		};
		DBC2E0C21B38504900001B32 /* Debug */ = {
			isa = XCBuildConfiguration;
			buildSettings = {
				ASSETCATALOG_COMPILER_APPICON_NAME = AppIcon;
				INFOPLIST_FILE = "Memorable Places/Info.plist";
				LD_RUNPATH_SEARCH_PATHS = "$(inherited) @executable_path/Frameworks";
				PRODUCT_NAME = "$(TARGET_NAME)";
			};
			name = Debug;
		};
		DBC2E0C31B38504900001B32 /* Release */ = {
			isa = XCBuildConfiguration;
			buildSettings = {
				ASSETCATALOG_COMPILER_APPICON_NAME = AppIcon;
				INFOPLIST_FILE = "Memorable Places/Info.plist";
				LD_RUNPATH_SEARCH_PATHS = "$(inherited) @executable_path/Frameworks";
				PRODUCT_NAME = "$(TARGET_NAME)";
			};
			name = Release;
		};
		DBC2E0C51B38504900001B32 /* Debug */ = {
			isa = XCBuildConfiguration;
			buildSettings = {
				BUNDLE_LOADER = "$(TEST_HOST)";
				FRAMEWORK_SEARCH_PATHS = (
					"$(SDKROOT)/Developer/Library/Frameworks",
					"$(inherited)",
				);
				GCC_PREPROCESSOR_DEFINITIONS = (
					"DEBUG=1",
					"$(inherited)",
				);
				INFOPLIST_FILE = "Memorable PlacesTests/Info.plist";
				LD_RUNPATH_SEARCH_PATHS = "$(inherited) @executable_path/Frameworks @loader_path/Frameworks";
				PRODUCT_NAME = "$(TARGET_NAME)";
				TEST_HOST = "$(BUILT_PRODUCTS_DIR)/Memorable Places.app/Memorable Places";
			};
			name = Debug;
		};
		DBC2E0C61B38504900001B32 /* Release */ = {
			isa = XCBuildConfiguration;
			buildSettings = {
				BUNDLE_LOADER = "$(TEST_HOST)";
				FRAMEWORK_SEARCH_PATHS = (
					"$(SDKROOT)/Developer/Library/Frameworks",
					"$(inherited)",
				);
				INFOPLIST_FILE = "Memorable PlacesTests/Info.plist";
				LD_RUNPATH_SEARCH_PATHS = "$(inherited) @executable_path/Frameworks @loader_path/Frameworks";
				PRODUCT_NAME = "$(TARGET_NAME)";
				TEST_HOST = "$(BUILT_PRODUCTS_DIR)/Memorable Places.app/Memorable Places";
			};
			name = Release;
		};
/* End XCBuildConfiguration section */

/* Begin XCConfigurationList section */
		DBC2E09D1B38504900001B32 /* Build configuration list for PBXProject "Memorable Places" */ = {
			isa = XCConfigurationList;
			buildConfigurations = (
				DBC2E0BF1B38504900001B32 /* Debug */,
				DBC2E0C01B38504900001B32 /* Release */,
			);
			defaultConfigurationIsVisible = 0;
			defaultConfigurationName = Release;
		};
		DBC2E0C11B38504900001B32 /* Build configuration list for PBXNativeTarget "Memorable Places" */ = {
			isa = XCConfigurationList;
			buildConfigurations = (
				DBC2E0C21B38504900001B32 /* Debug */,
				DBC2E0C31B38504900001B32 /* Release */,
			);
			defaultConfigurationIsVisible = 0;
		};
		DBC2E0C41B38504900001B32 /* Build configuration list for PBXNativeTarget "Memorable PlacesTests" */ = {
			isa = XCConfigurationList;
			buildConfigurations = (
				DBC2E0C51B38504900001B32 /* Debug */,
				DBC2E0C61B38504900001B32 /* Release */,
			);
			defaultConfigurationIsVisible = 0;
		};
/* End XCConfigurationList section */
	};
	rootObject = DBC2E09A1B38504900001B32 /* Project object */;
}
